
Microsoft Visual Studio Solution File, Format Version 12.00
# Visual Studio Version 17
VisualStudioVersion = 17.11.35312.102
MinimumVisualStudioVersion = 10.0.40219.1
Project("{FAE04EC0-301F-11D3-BF4B-00C04F79EFBC}") = "ProjetoPoo", "ProjetoPoo\ProjetoPoo.csproj", "{0E279243-D4DD-4B3D-86E9-4BCF954EB33E}"
EndProject
Global
	GlobalSection(SolutionConfigurationPlatforms) = preSolution
		Debug|Any CPU = Debug|Any CPU
		Release|Any CPU = Release|Any CPU
	EndGlobalSection
	GlobalSection(ProjectConfigurationPlatforms) = postSolution
		{0E279243-D4DD-4B3D-86E9-4BCF954EB33E}.Debug|Any CPU.ActiveCfg = Debug|Any CPU
		{0E279243-D4DD-4B3D-86E9-4BCF954EB33E}.Debug|Any CPU.Build.0 = Debug|Any CPU
		{0E279243-D4DD-4B3D-86E9-4BCF954EB33E}.Release|Any CPU.ActiveCfg = Release|Any CPU
		{0E279243-D4DD-4B3D-86E9-4BCF954EB33E}.Release|Any CPU.Build.0 = Release|Any CPU
	EndGlobalSection
	GlobalSection(SolutionProperties) = preSolution
		HideSolutionNode = FALSE
	EndGlobalSection
	GlobalSection(ExtensibilityGlobals) = postSolution
		SolutionGuid = {F5840CBB-EE4A-4121-9C79-BD180484964E}
	EndGlobalSection
EndGlobal
